
Microsoft Visual Studio Solution File, Format Version 12.00
# Visual Studio Version 16
VisualStudioVersion = 16.0.29123.88
MinimumVisualStudioVersion = 10.0.40219.1
Project("{FAE04EC0-301F-11D3-BF4B-00C04F79EFBC}") = "SyncRestMOXA", "SyncRestMOXA\SyncRestMOXA.csproj", "{63464BAD-7207-487C-A5B2-6F22302916E2}"
EndProject
Project("{FAE04EC0-301F-11D3-BF4B-00C04F79EFBC}") = "SyncRestMOXA.Core", "SyncRestMOXA.Core\SyncRestMOXA.Core.csproj", "{4580462A-4798-403B-B13D-482C9CAD0024}"
EndProject
Global
	GlobalSection(SolutionConfigurationPlatforms) = preSolution
		Debug|Any CPU = Debug|Any CPU
		Release|Any CPU = Release|Any CPU
	EndGlobalSection
	GlobalSection(ProjectConfigurationPlatforms) = postSolution
		{63464BAD-7207-487C-A5B2-6F22302916E2}.Debug|Any CPU.ActiveCfg = Debug|Any CPU
		{63464BAD-7207-487C-A5B2-6F22302916E2}.Debug|Any CPU.Build.0 = Debug|Any CPU
		{63464BAD-7207-487C-A5B2-6F22302916E2}.Release|Any CPU.ActiveCfg = Release|Any CPU
		{63464BAD-7207-487C-A5B2-6F22302916E2}.Release|Any CPU.Build.0 = Release|Any CPU
		{4580462A-4798-403B-B13D-482C9CAD0024}.Debug|Any CPU.ActiveCfg = Debug|Any CPU
		{4580462A-4798-403B-B13D-482C9CAD0024}.Debug|Any CPU.Build.0 = Debug|Any CPU
		{4580462A-4798-403B-B13D-482C9CAD0024}.Release|Any CPU.ActiveCfg = Release|Any CPU
		{4580462A-4798-403B-B13D-482C9CAD0024}.Release|Any CPU.Build.0 = Release|Any CPU
	EndGlobalSection
	GlobalSection(SolutionProperties) = preSolution
		HideSolutionNode = FALSE
	EndGlobalSection
	GlobalSection(ExtensibilityGlobals) = postSolution
		SolutionGuid = {27230305-2AEE-4E66-BF6B-90F0FE628542}
	EndGlobalSection
EndGlobal
